
Microsoft Visual Studio Solution File, Format Version 12.00
# Visual Studio 15
Project("{FAE04EC0-301F-11D3-BF4B-00C04F79EFBC}") = "Strings", "Strings\Strings.csproj", "{829312A6-DCCC-4179-8BE2-0D191405BFED}"
EndProject
Global
	GlobalSection(SolutionConfigurationPlatforms) = preSolution
		Debug|Any CPU = Debug|Any CPU
		Release|Any CPU = Release|Any CPU
	EndGlobalSection
	GlobalSection(ProjectConfigurationPlatforms) = postSolution
		{829312A6-DCCC-4179-8BE2-0D191405BFED}.Debug|Any CPU.ActiveCfg = Debug|Any CPU
		{829312A6-DCCC-4179-8BE2-0D191405BFED}.Debug|Any CPU.Build.0 = Debug|Any CPU
		{829312A6-DCCC-4179-8BE2-0D191405BFED}.Release|Any CPU.ActiveCfg = Release|Any CPU
		{829312A6-DCCC-4179-8BE2-0D191405BFED}.Release|Any CPU.Build.0 = Release|Any CPU
	EndGlobalSection
EndGlobal
